lockfileVersion: 5.3

specifiers:
  axios: ^0.27.2
  framer-motion: ^6.3.1
  next: ^12.1.5
  react: ^18.0.0
  react-cookie: ^4.1.1
  react-dom: ^18.0.0

dependencies:
  axios: 0.27.2
  framer-motion: 6.3.1_react-dom@18.0.0+react@18.0.0
  next: 12.1.5_react-dom@18.0.0+react@18.0.0
  react: 18.0.0
  react-cookie: 4.1.1_react@18.0.0
  react-dom: 18.0.0_react@18.0.0

packages:

  /@emotion/is-prop-valid/0.8.8:
    resolution: {integrity: sha512-u5WtneEAr5IDG2Wv65yhunPSMLIpuKsbuOktRojfrEiEvRyC85LgPMZI63cr7NUqT8ZIGdSVg8ZKGxIug4lXcA==}
    requiresBuild: true
    dependencies:
      '@emotion/memoize': 0.7.4
    dev: false
    optional: true

  /@emotion/memoize/0.7.4:
    resolution: {integrity: sha512-Ja/Vfqe3HpuzRsG1oBtWTHk2PGZ7GR+2Vz5iYGelAw8dx32K0y7PjVuxK6z1nMpZOqAFsRUPCkK1YjJ56qJlgw==}
    dev: false
    optional: true

  /@next/env/12.1.5:
    resolution: {integrity: sha512-+34yUJslfJi7Lyx6ELuN8nWcOzi27izfYnZIC1Dqv7kmmfiBVxgzR3BXhlvEMTKC2IRJhXVs2FkMY+buQe3k7Q==}
    dev: false

  /@next/swc-android-arm-eabi/12.1.5:
    resolution: {integrity: sha512-SKnGTdYcoN04Y2DvE0/Y7/MjkA+ltsmbuH/y/hR7Ob7tsj+8ZdOYuk+YvW1B8dY20nDPHP58XgDTSm2nA8BzzA==}
    engines: {node: '>= 10'}
    cpu: [arm]
    os: [android]
    requiresBuild: true
    dev: false
    optional: true

  /@next/swc-android-arm64/12.1.5:
    resolution: {integrity: sha512-YXiqgQ/9Rxg1dXp6brXbeQM1JDx9SwUY/36JiE+36FXqYEmDYbxld9qkX6GEzkc5rbwJ+RCitargnzEtwGW0mw==}
    engines: {node: '>= 10'}
    cpu: [arm64]
    os: [android]
    requiresBuild: true
    dev: false
    optional: true

  /@next/swc-darwin-arm64/12.1.5:
    resolution: {integrity: sha512-y8mhldb/WFZ6lFeowkGfi0cO/lBdiBqDk4T4LZLvCpoQp4Or/NzUN6P5NzBQZ5/b4oUHM/wQICEM+1wKA4qIVw==}
    engines: {node: '>= 10'}
    cpu: [arm64]
    os: [darwin]
    requiresBuild: true
    dev: false
    optional: true

  /@next/swc-darwin-x64/12.1.5:
    resolution: {integrity: sha512-wqJ3X7WQdTwSGi0kIDEmzw34QHISRIQ5uvC+VXmsIlCPFcMA+zM5723uh8NfuKGquDMiEMS31a83QgkuHMYbwQ==}
    engines: {node: '>= 10'}
    cpu: [x64]
    os: [darwin]
    requiresBuild: true
    dev: false
    optional: true

  /@next/swc-linux-arm-gnueabihf/12.1.5:
    resolution: {integrity: sha512-WnhdM5duONMvt2CncAl+9pim0wBxDS2lHoo7ub/o/i1bRbs11UTzosKzEXVaTDCUkCX2c32lIDi1WcN2ZPkcdw==}
    engines: {node: '>= 10'}
    cpu: [arm]
    os: [linux]
    requiresBuild: true
    dev: false
    optional: true

  /@next/swc-linux-arm64-gnu/12.1.5:
    resolution: {integrity: sha512-Jq2H68yQ4bLUhR/XQnbw3LDW0GMQn355qx6rU36BthDLeGue7YV7MqNPa8GKvrpPocEMW77nWx/1yI6w6J07gw==}
    engines: {node: '>= 10'}
    cpu: [arm64]
    os: [linux]
    requiresBuild: true
    dev: false
    optional: true

  /@next/swc-linux-arm64-musl/12.1.5:
    resolution: {integrity: sha512-KgPjwdbhDqXI7ghNN8V/WAiLquc9Ebe8KBrNNEL0NQr+yd9CyKJ6KqjayVkmX+hbHzbyvbui/5wh/p3CZQ9xcQ==}
    engines: {node: '>= 10'}
    cpu: [arm64]
    os: [linux]
    requiresBuild: true
    dev: false
    optional: true

  /@next/swc-linux-x64-gnu/12.1.5:
    resolution: {integrity: sha512-O2ErUTvCJ6DkNTSr9pbu1n3tcqykqE/ebty1rwClzIYdOgpB3T2MfEPP+K7GhUR87wmN/hlihO9ch7qpVFDGKw==}
    engines: {node: '>= 10'}
    cpu: [x64]
    os: [linux]
    requiresBuild: true
    dev: false
    optional: true

  /@next/swc-linux-x64-musl/12.1.5:
    resolution: {integrity: sha512-1eIlZmlO/VRjxxzUBcVosf54AFU3ltAzHi+BJA+9U/lPxCYIsT+R4uO3QksRzRjKWhVQMRjEnlXyyq5SKJm7BA==}
    engines: {node: '>= 10'}
    cpu: [x64]
    os: [linux]
    requiresBuild: true
    dev: false
    optional: true

  /@next/swc-win32-arm64-msvc/12.1.5:
    resolution: {integrity: sha512-oromsfokbEuVb0CBLLE7R9qX3KGXucZpsojLpzUh1QJjuy1QkrPJncwr8xmWQnwgtQ6ecMWXgXPB+qtvizT9Tw==}
    engines: {node: '>= 10'}
    cpu: [arm64]
    os: [win32]
    requiresBuild: true
    dev: false
    optional: true

  /@next/swc-win32-ia32-msvc/12.1.5:
    resolution: {integrity: sha512-a/51L5KzBpeZSW9LbekMo3I3Cwul+V+QKwbEIMA+Qwb2qrlcn1L9h3lt8cHqNTFt2y72ce6aTwDTw1lyi5oIRA==}
    engines: {node: '>= 10'}
    cpu: [ia32]
    os: [win32]
    requiresBuild: true
    dev: false
    optional: true

  /@next/swc-win32-x64-msvc/12.1.5:
    resolution: {integrity: sha512-/SoXW1Ntpmpw3AXAzfDRaQidnd8kbZ2oSni8u5z0yw6t4RwJvmdZy1eOaAADRThWKV+2oU90++LSnXJIwBRWYQ==}
    engines: {node: '>= 10'}
    cpu: [x64]
    os: [win32]
    requiresBuild: true
    dev: false
    optional: true

  /@types/cookie/0.3.3:
    resolution: {integrity: sha512-LKVP3cgXBT9RYj+t+9FDKwS5tdI+rPBXaNSkma7hvqy35lc7mAokC2zsqWJH0LaqIt3B962nuYI77hsJoT1gow==}
    dev: false

  /@types/hoist-non-react-statics/3.3.1:
    resolution: {integrity: sha512-iMIqiko6ooLrTh1joXodJK5X9xeEALT1kM5G3ZLhD3hszxBdIEd5C75U834D9mLcINgD4OyZf5uQXjkuYydWvA==}
    dependencies:
      '@types/react': 18.0.14
      hoist-non-react-statics: 3.3.2
    dev: false

  /@types/prop-types/15.7.5:
    resolution: {integrity: sha512-JCB8C6SnDoQf0cNycqd/35A7MjcnK+ZTqE7judS6o7utxUCg6imJg3QK2qzHKszlTjcj2cn+NwMB2i96ubpj7w==}
    dev: false

  /@types/react/18.0.14:
    resolution: {integrity: sha512-x4gGuASSiWmo0xjDLpm5mPb52syZHJx02VKbqUKdLmKtAwIh63XClGsiTI1K6DO5q7ox4xAsQrU+Gl3+gGXF9Q==}
    dependencies:
      '@types/prop-types': 15.7.5
      '@types/scheduler': 0.16.2
      csstype: 3.1.0
    dev: false

  /@types/scheduler/0.16.2:
    resolution: {integrity: sha512-hppQEBDmlwhFAXKJX2KnWLYu5yMfi91yazPb2l+lbJiwW+wdo1gNeRA+3RgNSO39WYX2euey41KEwnqesU2Jew==}
    dev: false

  /asynckit/0.4.0:
    resolution: {integrity: sha512-Oei9OH4tRh0YqU3GxhX79dM/mwVgvbZJaSNaRk+bshkj0S5cfHcgYakreBjrHwatXKbz+IoIdYLxrKim2MjW0Q==}
    dev: false

  /axios/0.27.2:
    resolution: {integrity: sha512-t+yRIyySRTp/wua5xEr+z1q60QmLq8ABsS5O9Me1AsE5dfKqgnCFzwiCZZ/cGNd1lq4/7akDWMxdhVlucjmnOQ==}
    dependencies:
      follow-redirects: 1.15.1
      form-data: 4.0.0
    transitivePeerDependencies:
      - debug
    dev: false

  /caniuse-lite/1.0.30001332:
    resolution: {integrity: sha512-10T30NYOEQtN6C11YGg411yebhvpnC6Z102+B95eAsN0oB6KUs01ivE8u+G6FMIRtIrVlYXhL+LUwQ3/hXwDWw==}
    dev: false

  /combined-stream/1.0.8:
    resolution: {integrity: sha512-FQN4MRfuJeHf7cBbBMJFXhKSDq+2kAArBlmRBvcvFE5BB1HZKXtSFASDhdlz9zOYwxh8lDdnvmMOe/+5cdoEdg==}
    engines: {node: '>= 0.8'}
    dependencies:
      delayed-stream: 1.0.0
    dev: false

  /cookie/0.4.2:
    resolution: {integrity: sha512-aSWTXFzaKWkvHO1Ny/s+ePFpvKsPnjc551iI41v3ny/ow6tBG5Vd+FuqGNhh1LxOmVzOlGUriIlOaokOvhaStA==}
    engines: {node: '>= 0.6'}
    dev: false

  /csstype/3.1.0:
    resolution: {integrity: sha512-uX1KG+x9h5hIJsaKR9xHUeUraxf8IODOwq9JLNPq6BwB04a/xgpq3rcx47l5BZu5zBPlgD342tdke3Hom/nJRA==}
    dev: false

  /delayed-stream/1.0.0:
    resolution: {integrity: sha512-ZySD7Nf91aLB0RxL4KGrKHBXl7Eds1DAmEdcoVawXnLD7SDhpNgtuII2aAkg7a7QS41jxPSZ17p4VdGnMHk3MQ==}
    engines: {node: '>=0.4.0'}
    dev: false

  /follow-redirects/1.15.1:
    resolution: {integrity: sha512-yLAMQs+k0b2m7cVxpS1VKJVvoz7SS9Td1zss3XRwXj+ZDH00RJgnuLx7E44wx02kQLrdM3aOOy+FpzS7+8OizA==}
    engines: {node: '>=4.0'}
    peerDependencies:
      debug: '*'
    peerDependenciesMeta:
      debug:
        optional: true
    dev: false

  /form-data/4.0.0:
    resolution: {integrity: sha512-ETEklSGi5t0QMZuiXoA/Q6vcnxcLQP5vdugSpuAyi6SVGi2clPPp+xgEhuMaHC+zGgn31Kd235W35f7Hykkaww==}
    engines: {node: '>= 6'}
    dependencies:
      asynckit: 0.4.0
      combined-stream: 1.0.8
      mime-types: 2.1.35
    dev: false

  /framer-motion/6.3.1_react-dom@18.0.0+react@18.0.0:
    resolution: {integrity: sha512-c4NX/XHkQIJdn9V+Yz55WZSPlpracyzFe50up5Vr/V4pxKA7q6t9WgISDo8VgQxuJf8vKPr01ka3UuUllw7zSg==}
    peerDependencies:
      react: '>=16.8 || ^17.0.0 || ^18.0.0'
      react-dom: '>=16.8 || ^17.0.0 || ^18.0.0'
    dependencies:
      framesync: 6.0.1
      hey-listen: 1.0.8
      popmotion: 11.0.3
      react: 18.0.0
      react-dom: 18.0.0_react@18.0.0
      style-value-types: 5.0.0
      tslib: 2.4.0
    optionalDependencies:
      '@emotion/is-prop-valid': 0.8.8
    dev: false

  /framesync/6.0.1:
    resolution: {integrity: sha512-fUY88kXvGiIItgNC7wcTOl0SNRCVXMKSWW2Yzfmn7EKNc+MpCzcz9DhdHcdjbrtN3c6R4H5dTY2jiCpPdysEjA==}
    dependencies:
      tslib: 2.4.0
    dev: false

  /hey-listen/1.0.8:
    resolution: {integrity: sha512-COpmrF2NOg4TBWUJ5UVyaCU2A88wEMkUPK4hNqyCkqHbxT92BbvfjoSozkAIIm6XhicGlJHhFdullInrdhwU8Q==}
    dev: false

  /hoist-non-react-statics/3.3.2:
    resolution: {integrity: sha512-/gGivxi8JPKWNm/W0jSmzcMPpfpPLc3dY/6GxhX2hQ9iGj3aDfklV4ET7NjKpSinLpJ5vafa9iiGIEZg10SfBw==}
    dependencies:
      react-is: 16.13.1
    dev: false

  /js-tokens/4.0.0:
    resolution: {integrity: sha512-RdJUflcE3cUzKiMqQgsCu06FPu9UdIJO0beYbPhHN4k6apgJtifcoCtT9bcxOpYBtpD2kCM6Sbzg4CausW/PKQ==}
    dev: false

  /loose-envify/1.4.0:
    resolution: {integrity: sha512-lyuxPGr/Wfhrlem2CL/UcnUc1zcqKAImBDzukY7Y5F/yQiNdko6+fRLevlw1HgMySw7f611UIY408EtxRSoK3Q==}
    hasBin: true
    dependencies:
      js-tokens: 4.0.0
    dev: false

  /mime-db/1.52.0:
    resolution: {integrity: sha512-sPU4uV7dYlvtWJxwwxHD0PuihVNiE7TyAbQ5SWxDCB9mUYvOgroQOwYQQOKPJ8CIbE+1ETVlOoK1UC2nU3gYvg==}
    engines: {node: '>= 0.6'}
    dev: false

  /mime-types/2.1.35:
    resolution: {integrity: sha512-ZDY+bPm5zTTF+YpCrAU9nK0UgICYPT0QtT1NZWFv4s++TNkcgVaT0g6+4R2uI4MjQjzysHB1zxuWL50hzaeXiw==}
    engines: {node: '>= 0.6'}
    dependencies:
      mime-db: 1.52.0
    dev: false

  /nanoid/3.3.3:
    resolution: {integrity: sha512-p1sjXuopFs0xg+fPASzQ28agW1oHD7xDsd9Xkf3T15H3c/cifrFHVwrh74PdoklAPi+i7MdRsE47vm2r6JoB+w==}
    engines: {node: ^10 || ^12 || ^13.7 || ^14 || >=15.0.1}
    hasBin: true
    dev: false

  /next/12.1.5_react-dom@18.0.0+react@18.0.0:
    resolution: {integrity: sha512-YGHDpyfgCfnT5GZObsKepmRnne7Kzp7nGrac07dikhutWQug7hHg85/+sPJ4ZW5Q2pDkb+n0FnmLkmd44htIJQ==}
    engines: {node: '>=12.22.0'}
    hasBin: true
    peerDependencies:
      fibers: '>= 3.1.0'
      node-sass: ^6.0.0 || ^7.0.0
      react: ^17.0.2 || ^18.0.0-0
      react-dom: ^17.0.2 || ^18.0.0-0
      sass: ^1.3.0
    peerDependenciesMeta:
      fibers:
        optional: true
      node-sass:
        optional: true
      sass:
        optional: true
    dependencies:
      '@next/env': 12.1.5
      caniuse-lite: 1.0.30001332
      postcss: 8.4.5
      react: 18.0.0
      react-dom: 18.0.0_react@18.0.0
      styled-jsx: 5.0.1_react@18.0.0
    optionalDependencies:
      '@next/swc-android-arm-eabi': 12.1.5
      '@next/swc-android-arm64': 12.1.5
      '@next/swc-darwin-arm64': 12.1.5
      '@next/swc-darwin-x64': 12.1.5
      '@next/swc-linux-arm-gnueabihf': 12.1.5
      '@next/swc-linux-arm64-gnu': 12.1.5
      '@next/swc-linux-arm64-musl': 12.1.5
      '@next/swc-linux-x64-gnu': 12.1.5
      '@next/swc-linux-x64-musl': 12.1.5
      '@next/swc-win32-arm64-msvc': 12.1.5
      '@next/swc-win32-ia32-msvc': 12.1.5
      '@next/swc-win32-x64-msvc': 12.1.5
    transitivePeerDependencies:
      - '@babel/core'
      - babel-plugin-macros
    dev: false

  /picocolors/1.0.0:
    resolution: {integrity: sha512-1fygroTLlHu66zi26VoTDv8yRgm0Fccecssto+MhsZ0D/DGW2sm8E8AjW7NU5VVTRt5GxbeZ5qBuJr+HyLYkjQ==}
    dev: false

  /popmotion/11.0.3:
    resolution: {integrity: sha512-Y55FLdj3UxkR7Vl3s7Qr4e9m0onSnP8W7d/xQLsoJM40vs6UKHFdygs6SWryasTZYqugMjm3BepCF4CWXDiHgA==}
    dependencies:
      framesync: 6.0.1
      hey-listen: 1.0.8
      style-value-types: 5.0.0
      tslib: 2.4.0
    dev: false

  /postcss/8.4.5:
    resolution: {integrity: sha512-jBDboWM8qpaqwkMwItqTQTiFikhs/67OYVvblFFTM7MrZjt6yMKd6r2kgXizEbTTljacm4NldIlZnhbjr84QYg==}
    engines: {node: ^10 || ^12 || >=14}
    dependencies:
      nanoid: 3.3.3
      picocolors: 1.0.0
      source-map-js: 1.0.2
    dev: false

  /react-cookie/4.1.1_react@18.0.0:
    resolution: {integrity: sha512-ffn7Y7G4bXiFbnE+dKhHhbP+b8I34mH9jqnm8Llhj89zF4nPxPutxHT1suUqMeCEhLDBI7InYwf1tpaSoK5w8A==}
    peerDependencies:
      react: '>= 16.3.0'
    dependencies:
      '@types/hoist-non-react-statics': 3.3.1
      hoist-non-react-statics: 3.3.2
      react: 18.0.0
      universal-cookie: 4.0.4
    dev: false

  /react-dom/18.0.0_react@18.0.0:
    resolution: {integrity: sha512-XqX7uzmFo0pUceWFCt7Gff6IyIMzFUn7QMZrbrQfGxtaxXZIcGQzoNpRLE3fQLnS4XzLLPMZX2T9TRcSrasicw==}
    peerDependencies:
      react: ^18.0.0
    dependencies:
      loose-envify: 1.4.0
      react: 18.0.0
      scheduler: 0.21.0
    dev: false

  /react-is/16.13.1:
    resolution: {integrity: sha512-24e6ynE2H+OKt4kqsOvNd8kBpV65zoxbA4BVsEOB3ARVWQki/DHzaUoC5KuON/BiccDaCCTZBuOcfZs70kR8bQ==}
    dev: false

  /react/18.0.0:
    resolution: {integrity: sha512-x+VL6wbT4JRVPm7EGxXhZ8w8LTROaxPXOqhlGyVSrv0sB1jkyFGgXxJ8LVoPRLvPR6/CIZGFmfzqUa2NYeMr2A==}
    engines: {node: '>=0.10.0'}
    dependencies:
      loose-envify: 1.4.0
    dev: false

  /scheduler/0.21.0:
    resolution: {integrity: sha512-1r87x5fz9MXqswA2ERLo0EbOAU74DpIUO090gIasYTqlVoJeMcl+Z1Rg7WHz+qtPujhS/hGIt9kxZOYBV3faRQ==}
    dependencies:
      loose-envify: 1.4.0
    dev: false

  /source-map-js/1.0.2:
    resolution: {integrity: sha512-R0XvVJ9WusLiqTCEiGCmICCMplcCkIwwR11mOSD9CR5u+IXYdiseeEuXCVAjS54zqwkLcPNnmU4OeJ6tUrWhDw==}
    engines: {node: '>=0.10.0'}
    dev: false

  /style-value-types/5.0.0:
    resolution: {integrity: sha512-08yq36Ikn4kx4YU6RD7jWEv27v4V+PUsOGa4n/as8Et3CuODMJQ00ENeAVXAeydX4Z2j1XHZF1K2sX4mGl18fA==}
    dependencies:
      hey-listen: 1.0.8
      tslib: 2.4.0
    dev: false

  /styled-jsx/5.0.1_react@18.0.0:
    resolution: {integrity: sha512-+PIZ/6Uk40mphiQJJI1202b+/dYeTVd9ZnMPR80pgiWbjIwvN2zIp4r9et0BgqBuShh48I0gttPlAXA7WVvBxw==}
    engines: {node: '>= 12.0.0'}
    peerDependencies:
      '@babel/core': '*'
      babel-plugin-macros: '*'
      react: '>= 16.8.0 || 17.x.x || ^18.0.0-0'
    peerDependenciesMeta:
      '@babel/core':
        optional: true
      babel-plugin-macros:
        optional: true
    dependencies:
      react: 18.0.0
    dev: false

  /tslib/2.4.0:
    resolution: {integrity: sha512-d6xOpEDfsi2CZVlPQzGeux8XMwLT9hssAsaPYExaQMuYskwb+x1x7J371tWlbBdWHroy99KnVB6qIkUbs5X3UQ==}
    dev: false

  /universal-cookie/4.0.4:
    resolution: {integrity: sha512-lbRVHoOMtItjWbM7TwDLdl8wug7izB0tq3/YVKhT/ahB4VDvWMyvnADfnJI8y6fSvsjh51Ix7lTGC6Tn4rMPhw==}
    dependencies:
      '@types/cookie': 0.3.3
      cookie: 0.4.2
    dev: false
